
Microsoft Visual Studio Solution File, Format Version 12.00
# Visual Studio Version 17
VisualStudioVersion = 17.11.35327.3
MinimumVisualStudioVersion = 10.0.40219.1
Project("{FAE04EC0-301F-11D3-BF4B-00C04F79EFBC}") = "BankoGame", "BankoGame\BankoGame.csproj", "{EB936785-B5FA-454B-A1B9-F03B9B3B9501}"
EndProject
Global
	GlobalSection(SolutionConfigurationPlatforms) = preSolution
		Debug|Any CPU = Debug|Any CPU
		Release|Any CPU = Release|Any CPU
	EndGlobalSection
	GlobalSection(ProjectConfigurationPlatforms) = postSolution
		{EB936785-B5FA-454B-A1B9-F03B9B3B9501}.Debug|Any CPU.ActiveCfg = Debug|Any CPU
		{EB936785-B5FA-454B-A1B9-F03B9B3B9501}.Debug|Any CPU.Build.0 = Debug|Any CPU
		{EB936785-B5FA-454B-A1B9-F03B9B3B9501}.Release|Any CPU.ActiveCfg = Release|Any CPU
		{EB936785-B5FA-454B-A1B9-F03B9B3B9501}.Release|Any CPU.Build.0 = Release|Any CPU
	EndGlobalSection
	GlobalSection(SolutionProperties) = preSolution
		HideSolutionNode = FALSE
	EndGlobalSection
	GlobalSection(ExtensibilityGlobals) = postSolution
		SolutionGuid = {007B9F8C-E52E-48FD-BA25-A804798BDF8A}
	EndGlobalSection
EndGlobal
